// !$*UTF8*$!
{
	archiveVersion = 1;
	classes = {
	};
	objectVersion = 46;
	objects = {

/* Begin PBXBuildFile section */
		8FEE69FD1A53861300F9A948 /* main.m in Sources */ = {isa = PBXBuildFile; fileRef = 8FEE69FC1A53861300F9A948 /* main.m */; };
		8FEE6A001A53861300F9A948 /* AppDelegate.m in Sources */ = {isa = PBXBuildFile; fileRef = 8FEE69FF1A53861300F9A948 /* AppDelegate.m */; };
		8FEE6A031A53861300F9A948 /* ViewController.m in Sources */ = {isa = PBXBuildFile; fileRef = 8FEE6A021A53861300F9A948 /* ViewController.m */; };
		8FEE6A061A53861300F9A948 /* Main.storyboard in Resources */ = {isa = PBXBuildFile; fileRef = 8FEE6A041A53861300F9A948 /* Main.storyboard */; };
		8FEE6A081A53861300F9A948 /* Images.xcassets in Resources */ = {isa = PBXBuildFile; fileRef = 8FEE6A071A53861300F9A948 /* Images.xcassets */; };
		8FEE6A0B1A53861300F9A948 /* LaunchScreen.xib in Resources */ = {isa = PBXBuildFile; fileRef = 8FEE6A091A53861300F9A948 /* LaunchScreen.xib */; };
		8FEE6A171A53861300F9A948 /* PurpleHazeTests.m in Sources */ = {isa = PBXBuildFile; fileRef = 8FEE6A161A53861300F9A948 /* PurpleHazeTests.m */; };
/* End PBXBuildFile section */

/* Begin PBXContainerItemProxy section */
		8FEE6A111A53861300F9A948 /* PBXContainerItemProxy */ = {
			isa = PBXContainerItemProxy;
			containerPortal = 8FEE69EF1A53861300F9A948 /* Project object */;
			proxyType = 1;
			remoteGlobalIDString = 8FEE69F61A53861300F9A948;
			remoteInfo = PurpleHaze;
		};
/* End PBXContainerItemProxy section */

/* Begin PBXFileReference section */
		8FEE69F71A53861300F9A948 /* PurpleHaze.app */ = {isa = PBXFileReference; explicitFileType = wrapper.application; includeInIndex = 0; path = PurpleHaze.app; sourceTree = BUILT_PRODUCTS_DIR; };
		8FEE69FB1A53861300F9A948 /* Info.plist */ = {isa = PBXFileReference; lastKnownFileType = text.plist.xml; path = Info.plist; sourceTree = "<group>"; };
		8FEE69FC1A53861300F9A948 /* main.m */ = {isa = PBXFileReference; lastKnownFileType = sourcecode.c.objc; path = main.m; sourceTree = "<group>"; };
		8FEE69FE1A53861300F9A948 /* AppDelegate.h */ = {isa = PBXFileReference; lastKnownFileType = sourcecode.c.h; path = AppDelegate.h; sourceTree = "<group>"; };
		8FEE69FF1A53861300F9A948 /* AppDelegate.m */ = {isa = PBXFileReference; lastKnownFileType = sourcecode.c.objc; path = AppDelegate.m; sourceTree = "<group>"; };
		8FEE6A011A53861300F9A948 /* ViewController.h */ = {isa = PBXFileReference; lastKnownFileType = sourcecode.c.h; path = ViewController.h; sourceTree = "<group>"; };
		8FEE6A021A53861300F9A948 /* ViewController.m */ = {isa = PBXFileReference; lastKnownFileType = sourcecode.c.objc; path = ViewController.m; sourceTree = "<group>"; };
		8FEE6A051A53861300F9A948 /* Base */ = {isa = PBXFileReference; lastKnownFileType = file.storyboard; name = Base; path = Base.lproj/Main.storyboard; sourceTree = "<group>"; };
		8FEE6A071A53861300F9A948 /* Images.xcassets */ = {isa = PBXFileReference; lastKnownFileType = folder.assetcatalog; path = Images.xcassets; sourceTree = "<group>"; };
		8FEE6A0A1A53861300F9A948 /* Base */ = {isa = PBXFileReference; lastKnownFileType = file.xib; name = Base; path = Base.lproj/LaunchScreen.xib; sourceTree = "<group>"; };
		8FEE6A101A53861300F9A948 /* PurpleHazeTests.xctest */ = {isa = PBXFileReference; explicitFileType = wrapper.cfbundle; includeInIndex = 0; path = PurpleHazeTests.xctest; sourceTree = BUILT_PRODUCTS_DIR; };
		8FEE6A151A53861300F9A948 /* Info.plist */ = {isa = PBXFileReference; lastKnownFileType = text.plist.xml; path = Info.plist; sourceTree = "<group>"; };
		8FEE6A161A53861300F9A948 /* PurpleHazeTests.m */ = {isa = PBXFileReference; lastKnownFileType = sourcecode.c.objc; path = PurpleHazeTests.m; sourceTree = "<group>"; };
/* End PBXFileReference section */

/* Begin PBXFrameworksBuildPhase section */
		8FEE69F41A53861300F9A948 /* Frameworks */ = {
			isa = PBXFrameworksBuildPhase;
			buildActionMask = 2147483647;
			files = (
			);
			runOnlyForDeploymentPostprocessing = 0;
		};
		8FEE6A0D1A53861300F9A948 /* Frameworks */ = {
			isa = PBXFrameworksBuildPhase;
			buildActionMask = 2147483647;
			files = (
			);
			runOnlyForDeploymentPostprocessing = 0;
		};
/* End PBXFrameworksBuildPhase section */

/* Begin PBXGroup section */
		8FEE69EE1A53861300F9A948 = {
			isa = PBXGroup;
			children = (
				8FEE69F91A53861300F9A948 /* PurpleHaze */,
				8FEE6A131A53861300F9A948 /* PurpleHazeTests */,
				8FEE69F81A53861300F9A948 /* Products */,
			);
			sourceTree = "<group>";
		};
		8FEE69F81A53861300F9A948 /* Products */ = {
			isa = PBXGroup;
			children = (
				8FEE69F71A53861300F9A948 /* PurpleHaze.app */,
				8FEE6A101A53861300F9A948 /* PurpleHazeTests.xctest */,
			);
			name = Products;
			sourceTree = "<group>";
		};
		8FEE69F91A53861300F9A948 /* PurpleHaze */ = {
			isa = PBXGroup;
			children = (
				8FEE69FE1A53861300F9A948 /* AppDelegate.h */,
				8FEE69FF1A53861300F9A948 /* AppDelegate.m */,
				8FEE6A011A53861300F9A948 /* ViewController.h */,
				8FEE6A021A53861300F9A948 /* ViewController.m */,
				8FEE6A041A53861300F9A948 /* Main.storyboard */,
				8FEE6A071A53861300F9A948 /* Images.xcassets */,
				8FEE6A091A53861300F9A948 /* LaunchScreen.xib */,
				8FEE69FA1A53861300F9A948 /* Supporting Files */,
			);
			path = PurpleHaze;
			sourceTree = "<group>";
		};
		8FEE69FA1A53861300F9A948 /* Supporting Files */ = {
			isa = PBXGroup;
			children = (
				8FEE69FB1A53861300F9A948 /* Info.plist */,
				8FEE69FC1A53861300F9A948 /* main.m */,
			);
			name = "Supporting Files";
			sourceTree = "<group>";
		};
		8FEE6A131A53861300F9A948 /* PurpleHazeTests */ = {
			isa = PBXGroup;
			children = (
				8FEE6A161A53861300F9A948 /* PurpleHazeTests.m */,
				8FEE6A141A53861300F9A948 /* Supporting Files */,
			);
			path = PurpleHazeTests;
			sourceTree = "<group>";
		};
		8FEE6A141A53861300F9A948 /* Supporting Files */ = {
			isa = PBXGroup;
			children = (
				8FEE6A151A53861300F9A948 /* Info.plist */,
			);
			name = "Supporting Files";
			sourceTree = "<group>";
		};
/* End PBXGroup section */

/* Begin PBXNativeTarget section */
		8FEE69F61A53861300F9A948 /* PurpleHaze */ = {
			isa = PBXNativeTarget;
			buildConfigurationList = 8FEE6A1A1A53861300F9A948 /* Build configuration list for PBXNativeTarget "PurpleHaze" */;
			buildPhases = (
				8FEE69F31A53861300F9A948 /* Sources */,
				8FEE69F41A53861300F9A948 /* Frameworks */,
				8FEE69F51A53861300F9A948 /* Resources */,
			);
			buildRules = (
			);
			dependencies = (
			);
			name = PurpleHaze;
			productName = PurpleHaze;
			productReference = 8FEE69F71A53861300F9A948 /* PurpleHaze.app */;
			productType = "com.apple.product-type.application";
		};
		8FEE6A0F1A53861300F9A948 /* PurpleHazeTests */ = {
			isa = PBXNativeTarget;
			buildConfigurationList = 8FEE6A1D1A53861300F9A948 /* Build configuration list for PBXNativeTarget "PurpleHazeTests" */;
			buildPhases = (
				8FEE6A0C1A53861300F9A948 /* Sources */,
				8FEE6A0D1A53861300F9A948 /* Frameworks */,
				8FEE6A0E1A53861300F9A948 /* Resources */,
			);
			buildRules = (
			);
			dependencies = (
				8FEE6A121A53861300F9A948 /* PBXTargetDependency */,
			);
			name = PurpleHazeTests;
			productName = PurpleHazeTests;
			productReference = 8FEE6A101A53861300F9A948 /* PurpleHazeTests.xctest */;
			productType = "com.apple.product-type.bundle.unit-test";
		};
/* End PBXNativeTarget section */

/* Begin PBXProject section */
		8FEE69EF1A53861300F9A948 /* Project object */ = {
			isa = PBXProject;
			attributes = {
				LastUpgradeCheck = 0610;
				ORGANIZATIONNAME = "Johann Kerr";
				TargetAttributes = {
					8FEE69F61A53861300F9A948 = {
						CreatedOnToolsVersion = 6.1.1;
					};
					8FEE6A0F1A53861300F9A948 = {
						CreatedOnToolsVersion = 6.1.1;
						TestTargetID = 8FEE69F61A53861300F9A948;
					};
				};
			};
			buildConfigurationList = 8FEE69F21A53861300F9A948 /* Build configuration list for PBXProject "PurpleHaze" */;
			compatibilityVersion = "Xcode 3.2";
			developmentRegion = English;
			hasScannedForEncodings = 0;
			knownRegions = (
				en,
				Base,
			);
			mainGroup = 8FEE69EE1A53861300F9A948;
			productRefGroup = 8FEE69F81A53861300F9A948 /* Products */;
			projectDirPath = "";
			projectRoot = "";
			targets = (
				8FEE69F61A53861300F9A948 /* PurpleHaze */,
				8FEE6A0F1A53861300F9A948 /* PurpleHazeTests */,
			);
		};
/* End PBXProject section */

/* Begin PBXResourcesBuildPhase section */
		8FEE69F51A53861300F9A948 /* Resources */ = {
			isa = PBXResourcesBuildPhase;
			buildActionMask = 2147483647;
			files = (
				8FEE6A061A53861300F9A948 /* Main.storyboard in Resources */,
				8FEE6A0B1A53861300F9A948 /* LaunchScreen.xib in Resources */,
				8FEE6A081A53861300F9A948 /* Images.xcassets in Resources */,
			);
			runOnlyForDeploymentPostprocessing = 0;
		};
		8FEE6A0E1A53861300F9A948 /* Resources */ = {
			isa = PBXResourcesBuildPhase;
			buildActionMask = 2147483647;
			files = (
			);
			runOnlyForDeploymentPostprocessing = 0;
		};
/* End PBXResourcesBuildPhase section */

/* Begin PBXSourcesBuildPhase section */
		8FEE69F31A53861300F9A948 /* Sources */ = {
			isa = PBXSourcesBuildPhase;
			buildActionMask = 2147483647;
			files = (
				8FEE6A031A53861300F9A948 /* ViewController.m in Sources */,
				8FEE6A001A53861300F9A948 /* AppDelegate.m in Sources */,
				8FEE69FD1A53861300F9A948 /* main.m in Sources */,
			);
			runOnlyForDeploymentPostprocessing = 0;
		};
		8FEE6A0C1A53861300F9A948 /* Sources */ = {
			isa = PBXSourcesBuildPhase;
			buildActionMask = 2147483647;
			files = (
				8FEE6A171A53861300F9A948 /* PurpleHazeTests.m in Sources */,
			);
			runOnlyForDeploymentPostprocessing = 0;
		};
/* End PBXSourcesBuildPhase section */

/* Begin PBXTargetDependency section */
		8FEE6A121A53861300F9A948 /* PBXTargetDependency */ = {
			isa = PBXTargetDependency;
			target = 8FEE69F61A53861300F9A948 /* PurpleHaze */;
			targetProxy = 8FEE6A111A53861300F9A948 /* PBXContainerItemProxy */;
		};
/* End PBXTargetDependency section */

/* Begin PBXVariantGroup section */
		8FEE6A041A53861300F9A948 /* Main.storyboard */ = {
			isa = PBXVariantGroup;
			children = (
				8FEE6A051A53861300F9A948 /* Base */,
			);
			name = Main.storyboard;
			sourceTree = "<group>";
		};
		8FEE6A091A53861300F9A948 /* LaunchScreen.xib */ = {
			isa = PBXVariantGroup;
			children = (
				8FEE6A0A1A53861300F9A948 /* Base */,
			);
			name = LaunchScreen.xib;
			sourceTree = "<group>";
		};
/* End PBXVariantGroup section */

/* Begin XCBuildConfiguration section */
		8FEE6A181A53861300F9A948 /* Debug */ = {
			isa = XCBuildConfiguration;
			buildSettings = {
				ALWAYS_SEARCH_USER_PATHS = NO;
				CLANG_CXX_LANGUAGE_STANDARD = "gnu++0x";
				CLANG_CXX_LIBRARY = "libc++";
				CLANG_ENABLE_MODULES = YES;
				CLANG_ENABLE_OBJC_ARC = YES;
				CLANG_WARN_BOOL_CONVERSION = YES;
				CLANG_WARN_CONSTANT_CONVERSION = YES;
				CLANG_WARN_DIRECT_OBJC_ISA_USAGE = YES_ERROR;
				CLANG_WARN_EMPTY_BODY = YES;
				CLANG_WARN_ENUM_CONVERSION = YES;
				CLANG_WARN_INT_CONVERSION = YES;
				CLANG_WARN_OBJC_ROOT_CLASS = YES_ERROR;
				CLANG_WARN_UNREACHABLE_CODE = YES;
				CLANG_WARN__DUPLICATE_METHOD_MATCH = YES;
				"CODE_SIGN_IDENTITY[sdk=iphoneos*]" = "iPhone Developer";
				COPY_PHASE_STRIP = NO;
				ENABLE_STRICT_OBJC_MSGSEND = YES;
				GCC_C_LANGUAGE_STANDARD = gnu99;
				GCC_DYNAMIC_NO_PIC = NO;
				GCC_OPTIMIZATION_LEVEL = 0;
				GCC_PREPROCESSOR_DEFINITIONS = (
					"DEBUG=1",
					"$(inherited)",
				);
				GCC_SYMBOLS_PRIVATE_EXTERN = NO;
				GCC_WARN_64_TO_32_BIT_CONVERSION = YES;
				GCC_WARN_ABOUT_RETURN_TYPE = YES_ERROR;
				GCC_WARN_UNDECLARED_SELECTOR = YES;
				GCC_WARN_UNINITIALIZED_AUTOS = YES_AGGRESSIVE;
				GCC_WARN_UNUSED_FUNCTION = YES;
				GCC_WARN_UNUSED_VARIABLE = YES;
				IPHONEOS_DEPLOYMENT_TARGET = 8.1;
				MTL_ENABLE_DEBUG_INFO = YES;
				ONLY_ACTIVE_ARCH = YES;
				SDKROOT = iphoneos;
			};
			name = Debug;
		};
		8FEE6A191A53861300F9A948 /* Release */ = {
			isa = XCBuildConfiguration;
			buildSettings = {
				ALWAYS_SEARCH_USER_PATHS = NO;
				CLANG_CXX_LANGUAGE_STANDARD = "gnu++0x";
				CLANG_CXX_LIBRARY = "libc++";
				CLANG_ENABLE_MODULES = YES;
				CLANG_ENABLE_OBJC_ARC = YES;
				CLANG_WARN_BOOL_CONVERSION = YES;
				CLANG_WARN_CONSTANT_CONVERSION = YES;
				CLANG_WARN_DIRECT_OBJC_ISA_USAGE = YES_ERROR;
				CLANG_WARN_EMPTY_BODY = YES;
				CLANG_WARN_ENUM_CONVERSION = YES;
				CLANG_WARN_INT_CONVERSION = YES;
				CLANG_WARN_OBJC_ROOT_CLASS = YES_ERROR;
				CLANG_WARN_UNREACHABLE_CODE = YES;
				CLANG_WARN__DUPLICATE_METHOD_MATCH = YES;
				"CODE_SIGN_IDENTITY[sdk=iphoneos*]" = "iPhone Developer";
				COPY_PHASE_STRIP = YES;
				ENABLE_NS_ASSERTIONS = NO;
				ENABLE_STRICT_OBJC_MSGSEND = YES;
				GCC_C_LANGUAGE_STANDARD = gnu99;
				GCC_WARN_64_TO_32_BIT_CONVERSION = YES;
				GCC_WARN_ABOUT_RETURN_TYPE = YES_ERROR;
				GCC_WARN_UNDECLARED_SELECTOR = YES;
				GCC_WARN_UNINITIALIZED_AUTOS = YES_AGGRESSIVE;
				GCC_WARN_UNUSED_FUNCTION = YES;
				GCC_WARN_UNUSED_VARIABLE = YES;
				IPHONEOS_DEPLOYMENT_TARGET = 8.1;
				MTL_ENABLE_DEBUG_INFO = NO;
				SDKROOT = iphoneos;
				VALIDATE_PRODUCT = YES;
			};
			name = Release;
		};
		8FEE6A1B1A53861300F9A948 /* Debug */ = {
			isa = XCBuildConfiguration;
			buildSettings = {
				ASSETCATALOG_COMPILER_APPICON_NAME = AppIcon;
				INFOPLIST_FILE = PurpleHaze/Info.plist;
				LD_RUNPATH_SEARCH_PATHS = "$(inherited) @executable_path/Frameworks";
				PRODUCT_NAME = "$(TARGET_NAME)";
			};
			name = Debug;
		};
		8FEE6A1C1A53861300F9A948 /* Release */ = {
			isa = XCBuildConfiguration;
			buildSettings = {
				ASSETCATALOG_COMPILER_APPICON_NAME = AppIcon;
				INFOPLIST_FILE = PurpleHaze/Info.plist;
				LD_RUNPATH_SEARCH_PATHS = "$(inherited) @executable_path/Frameworks";
				PRODUCT_NAME = "$(TARGET_NAME)";
			};
			name = Release;
		};
		8FEE6A1E1A53861300F9A948 /* Debug */ = {
			isa = XCBuildConfiguration;
			buildSettings = {
				BUNDLE_LOADER = "$(TEST_HOST)";
				FRAMEWORK_SEARCH_PATHS = (
					"$(SDKROOT)/Developer/Library/Frameworks",
					"$(inherited)",
				);
				GCC_PREPROCESSOR_DEFINITIONS = (
					"DEBUG=1",
					"$(inherited)",
				);
				INFOPLIST_FILE = PurpleHazeTests/Info.plist;
				LD_RUNPATH_SEARCH_PATHS = "$(inherited) @executable_path/Frameworks @loader_path/Frameworks";
				PRODUCT_NAME = "$(TARGET_NAME)";
				TEST_HOST = "$(BUILT_PRODUCTS_DIR)/PurpleHaze.app/PurpleHaze";
			};
			name = Debug;
		};
		8FEE6A1F1A53861300F9A948 /* Release */ = {
			isa = XCBuildConfiguration;
			buildSettings = {
				BUNDLE_LOADER = "$(TEST_HOST)";
				FRAMEWORK_SEARCH_PATHS = (
					"$(SDKROOT)/Developer/Library/Frameworks",
					"$(inherited)",
				);
				INFOPLIST_FILE = PurpleHazeTests/Info.plist;
				LD_RUNPATH_SEARCH_PATHS = "$(inherited) @executable_path/Frameworks @loader_path/Frameworks";
				PRODUCT_NAME = "$(TARGET_NAME)";
				TEST_HOST = "$(BUILT_PRODUCTS_DIR)/PurpleHaze.app/PurpleHaze";
			};
			name = Release;
		};
/* End XCBuildConfiguration section */

/* Begin XCConfigurationList section */
		8FEE69F21A53861300F9A948 /* Build configuration list for PBXProject "PurpleHaze" */ = {
			isa = XCConfigurationList;
			buildConfigurations = (
				8FEE6A181A53861300F9A948 /* Debug */,
				8FEE6A191A53861300F9A948 /* Release */,
			);
			defaultConfigurationIsVisible = 0;
			defaultConfigurationName = Release;
		};
		8FEE6A1A1A53861300F9A948 /* Build configuration list for PBXNativeTarget "PurpleHaze" */ = {
			isa = XCConfigurationList;
			buildConfigurations = (
				8FEE6A1B1A53861300F9A948 /* Debug */,
				8FEE6A1C1A53861300F9A948 /* Release */,
			);
			defaultConfigurationIsVisible = 0;
		};
		8FEE6A1D1A53861300F9A948 /* Build configuration list for PBXNativeTarget "PurpleHazeTests" */ = {
			isa = XCConfigurationList;
			buildConfigurations = (
				8FEE6A1E1A53861300F9A948 /* Debug */,
				8FEE6A1F1A53861300F9A948 /* Release */,
			);
			defaultConfigurationIsVisible = 0;
		};
/* End XCConfigurationList section */
	};
	rootObject = 8FEE69EF1A53861300F9A948 /* Project object */;
}
